
Microsoft Visual Studio Solution File, Format Version 12.00
# Visual Studio 14
VisualStudioVersion = 14.0.25420.1
MinimumVisualStudioVersion = 10.0.40219.1
Project("{FAE04EC0-301F-11D3-BF4B-00C04F79EFBC}") = "FileStoringWithDependency", "FileStoringWithDependency\FileStoringWithDependency\FileStoringWithDependency.csproj", "{6EF30D34-800C-450D-A1C6-FAE5E357AD1C}"
EndProject
Project("{FAE04EC0-301F-11D3-BF4B-00C04F79EFBC}") = "FileStoringWithDependency.Droid", "FileStoringWithDependency\FileStoringWithDependency.Droid\FileStoringWithDependency.Droid.csproj", "{5FC5AAF1-8CA5-47B5-97E2-1A9A65C5B3BB}"
EndProject
Project("{FAE04EC0-301F-11D3-BF4B-00C04F79EFBC}") = "FileStoringWithDependency.iOS", "FileStoringWithDependency\FileStoringWithDependency.iOS\FileStoringWithDependency.iOS.csproj", "{42F305F7-FCDD-4BC2-98C5-92C4BB9F9D5D}"
EndProject
Project("{FAE04EC0-301F-11D3-BF4B-00C04F79EFBC}") = "FileStoringWithDependency.UWP", "FileStoringWithDependency\FileStoringWithDependency.UWP\FileStoringWithDependency.UWP.csproj", "{6CE68FAA-4C98-4595-B8CC-368CA9CCD81C}"
EndProject
Global
	GlobalSection(SolutionConfigurationPlatforms) = preSolution
		Ad-Hoc|Any CPU = Ad-Hoc|Any CPU
		Ad-Hoc|ARM = Ad-Hoc|ARM
		Ad-Hoc|iPhone = Ad-Hoc|iPhone
		Ad-Hoc|iPhoneSimulator = Ad-Hoc|iPhoneSimulator
		Ad-Hoc|x64 = Ad-Hoc|x64
		Ad-Hoc|x86 = Ad-Hoc|x86
		AppStore|Any CPU = AppStore|Any CPU
		AppStore|ARM = AppStore|ARM
		AppStore|iPhone = AppStore|iPhone
		AppStore|iPhoneSimulator = AppStore|iPhoneSimulator
		AppStore|x64 = AppStore|x64
		AppStore|x86 = AppStore|x86
		Debug|Any CPU = Debug|Any CPU
		Debug|ARM = Debug|ARM
		Debug|iPhone = Debug|iPhone
		Debug|iPhoneSimulator = Debug|iPhoneSimulator
		Debug|x64 = Debug|x64
		Debug|x86 = Debug|x86
		Release|Any CPU = Release|Any CPU
		Release|ARM = Release|ARM
		Release|iPhone = Release|iPhone
		Release|iPhoneSimulator = Release|iPhoneSimulator
		Release|x64 = Release|x64
		Release|x86 = Release|x86
	EndGlobalSection
	GlobalSection(ProjectConfigurationPlatforms) = postSolution
		{6EF30D34-800C-450D-A1C6-FAE5E357AD1C}.Ad-Hoc|Any CPU.ActiveCfg = Release|Any CPU
		{6EF30D34-800C-450D-A1C6-FAE5E357AD1C}.Ad-Hoc|Any CPU.Build.0 = Release|Any CPU
		{6EF30D34-800C-450D-A1C6-FAE5E357AD1C}.Ad-Hoc|ARM.ActiveCfg = Release|Any CPU
		{6EF30D34-800C-450D-A1C6-FAE5E357AD1C}.Ad-Hoc|ARM.Build.0 = Release|Any CPU
		{6EF30D34-800C-450D-A1C6-FAE5E357AD1C}.Ad-Hoc|iPhone.ActiveCfg = Release|Any CPU
		{6EF30D34-800C-450D-A1C6-FAE5E357AD1C}.Ad-Hoc|iPhone.Build.0 = Release|Any CPU
		{6EF30D34-800C-450D-A1C6-FAE5E357AD1C}.Ad-Hoc|iPhoneSimulator.ActiveCfg = Release|Any CPU
		{6EF30D34-800C-450D-A1C6-FAE5E357AD1C}.Ad-Hoc|iPhoneSimulator.Build.0 = Release|Any CPU
		{6EF30D34-800C-450D-A1C6-FAE5E357AD1C}.Ad-Hoc|x64.ActiveCfg = Release|Any CPU
		{6EF30D34-800C-450D-A1C6-FAE5E357AD1C}.Ad-Hoc|x64.Build.0 = Release|Any CPU
		{6EF30D34-800C-450D-A1C6-FAE5E357AD1C}.Ad-Hoc|x86.ActiveCfg = Release|Any CPU
		{6EF30D34-800C-450D-A1C6-FAE5E357AD1C}.Ad-Hoc|x86.Build.0 = Release|Any CPU
		{6EF30D34-800C-450D-A1C6-FAE5E357AD1C}.AppStore|Any CPU.ActiveCfg = Release|Any CPU
		{6EF30D34-800C-450D-A1C6-FAE5E357AD1C}.AppStore|Any CPU.Build.0 = Release|Any CPU
		{6EF30D34-800C-450D-A1C6-FAE5E357AD1C}.AppStore|ARM.ActiveCfg = Release|Any CPU
		{6EF30D34-800C-450D-A1C6-FAE5E357AD1C}.AppStore|ARM.Build.0 = Release|Any CPU
		{6EF30D34-800C-450D-A1C6-FAE5E357AD1C}.AppStore|iPhone.ActiveCfg = Release|Any CPU
		{6EF30D34-800C-450D-A1C6-FAE5E357AD1C}.AppStore|iPhone.Build.0 = Release|Any CPU
		{6EF30D34-800C-450D-A1C6-FAE5E357AD1C}.AppStore|iPhoneSimulator.ActiveCfg = Release|Any CPU
		{6EF30D34-800C-450D-A1C6-FAE5E357AD1C}.AppStore|iPhoneSimulator.Build.0 = Release|Any CPU
		{6EF30D34-800C-450D-A1C6-FAE5E357AD1C}.AppStore|x64.ActiveCfg = Release|Any CPU
		{6EF30D34-800C-450D-A1C6-FAE5E357AD1C}.AppStore|x64.Build.0 = Release|Any CPU
		{6EF30D34-800C-450D-A1C6-FAE5E357AD1C}.AppStore|x86.ActiveCfg = Release|Any CPU
		{6EF30D34-800C-450D-A1C6-FAE5E357AD1C}.AppStore|x86.Build.0 = Release|Any CPU
		{6EF30D34-800C-450D-A1C6-FAE5E357AD1C}.Debug|Any CPU.ActiveCfg = Debug|Any CPU
		{6EF30D34-800C-450D-A1C6-FAE5E357AD1C}.Debug|Any CPU.Build.0 = Debug|Any CPU
		{6EF30D34-800C-450D-A1C6-FAE5E357AD1C}.Debug|ARM.ActiveCfg = Debug|Any CPU
		{6EF30D34-800C-450D-A1C6-FAE5E357AD1C}.Debug|ARM.Build.0 = Debug|Any CPU
		{6EF30D34-800C-450D-A1C6-FAE5E357AD1C}.Debug|iPhone.ActiveCfg = Debug|Any CPU
		{6EF30D34-800C-450D-A1C6-FAE5E357AD1C}.Debug|iPhone.Build.0 = Debug|Any CPU
		{6EF30D34-800C-450D-A1C6-FAE5E357AD1C}.Debug|iPhoneSimulator.ActiveCfg = Debug|Any CPU
		{6EF30D34-800C-450D-A1C6-FAE5E357AD1C}.Debug|iPhoneSimulator.Build.0 = Debug|Any CPU
		{6EF30D34-800C-450D-A1C6-FAE5E357AD1C}.Debug|x64.ActiveCfg = Debug|Any CPU
		{6EF30D34-800C-450D-A1C6-FAE5E357AD1C}.Debug|x64.Build.0 = Debug|Any CPU
		{6EF30D34-800C-450D-A1C6-FAE5E357AD1C}.Debug|x86.ActiveCfg = Debug|Any CPU
		{6EF30D34-800C-450D-A1C6-FAE5E357AD1C}.Debug|x86.Build.0 = Debug|Any CPU
		{6EF30D34-800C-450D-A1C6-FAE5E357AD1C}.Release|Any CPU.ActiveCfg = Release|Any CPU
		{6EF30D34-800C-450D-A1C6-FAE5E357AD1C}.Release|Any CPU.Build.0 = Release|Any CPU
		{6EF30D34-800C-450D-A1C6-FAE5E357AD1C}.Release|ARM.ActiveCfg = Release|Any CPU
		{6EF30D34-800C-450D-A1C6-FAE5E357AD1C}.Release|ARM.Build.0 = Release|Any CPU
		{6EF30D34-800C-450D-A1C6-FAE5E357AD1C}.Release|iPhone.ActiveCfg = Release|Any CPU
		{6EF30D34-800C-450D-A1C6-FAE5E357AD1C}.Release|iPhone.Build.0 = Release|Any CPU
		{6EF30D34-800C-450D-A1C6-FAE5E357AD1C}.Release|iPhoneSimulator.ActiveCfg = Release|Any CPU
		{6EF30D34-800C-450D-A1C6-FAE5E357AD1C}.Release|iPhoneSimulator.Build.0 = Release|Any CPU
		{6EF30D34-800C-450D-A1C6-FAE5E357AD1C}.Release|x64.ActiveCfg = Release|Any CPU
		{6EF30D34-800C-450D-A1C6-FAE5E357AD1C}.Release|x64.Build.0 = Release|Any CPU
		{6EF30D34-800C-450D-A1C6-FAE5E357AD1C}.Release|x86.ActiveCfg = Release|Any CPU
		{6EF30D34-800C-450D-A1C6-FAE5E357AD1C}.Release|x86.Build.0 = Release|Any CPU
		{5FC5AAF1-8CA5-47B5-97E2-1A9A65C5B3BB}.Ad-Hoc|Any CPU.ActiveCfg = Release|Any CPU
		{5FC5AAF1-8CA5-47B5-97E2-1A9A65C5B3BB}.Ad-Hoc|Any CPU.Build.0 = Release|Any CPU
		{5FC5AAF1-8CA5-47B5-97E2-1A9A65C5B3BB}.Ad-Hoc|Any CPU.Deploy.0 = Release|Any CPU
		{5FC5AAF1-8CA5-47B5-97E2-1A9A65C5B3BB}.Ad-Hoc|ARM.ActiveCfg = Release|Any CPU
		{5FC5AAF1-8CA5-47B5-97E2-1A9A65C5B3BB}.Ad-Hoc|ARM.Build.0 = Release|Any CPU
		{5FC5AAF1-8CA5-47B5-97E2-1A9A65C5B3BB}.Ad-Hoc|ARM.Deploy.0 = Release|Any CPU
		{5FC5AAF1-8CA5-47B5-97E2-1A9A65C5B3BB}.Ad-Hoc|iPhone.ActiveCfg = Release|Any CPU
		{5FC5AAF1-8CA5-47B5-97E2-1A9A65C5B3BB}.Ad-Hoc|iPhone.Build.0 = Release|Any CPU
		{5FC5AAF1-8CA5-47B5-97E2-1A9A65C5B3BB}.Ad-Hoc|iPhone.Deploy.0 = Release|Any CPU
		{5FC5AAF1-8CA5-47B5-97E2-1A9A65C5B3BB}.Ad-Hoc|iPhoneSimulator.ActiveCfg = Release|Any CPU
		{5FC5AAF1-8CA5-47B5-97E2-1A9A65C5B3BB}.Ad-Hoc|iPhoneSimulator.Build.0 = Release|Any CPU
		{5FC5AAF1-8CA5-47B5-97E2-1A9A65C5B3BB}.Ad-Hoc|iPhoneSimulator.Deploy.0 = Release|Any CPU
		{5FC5AAF1-8CA5-47B5-97E2-1A9A65C5B3BB}.Ad-Hoc|x64.ActiveCfg = Release|Any CPU
		{5FC5AAF1-8CA5-47B5-97E2-1A9A65C5B3BB}.Ad-Hoc|x64.Build.0 = Release|Any CPU
		{5FC5AAF1-8CA5-47B5-97E2-1A9A65C5B3BB}.Ad-Hoc|x64.Deploy.0 = Release|Any CPU
		{5FC5AAF1-8CA5-47B5-97E2-1A9A65C5B3BB}.Ad-Hoc|x86.ActiveCfg = Release|Any CPU
		{5FC5AAF1-8CA5-47B5-97E2-1A9A65C5B3BB}.Ad-Hoc|x86.Build.0 = Release|Any CPU
		{5FC5AAF1-8CA5-47B5-97E2-1A9A65C5B3BB}.Ad-Hoc|x86.Deploy.0 = Release|Any CPU
		{5FC5AAF1-8CA5-47B5-97E2-1A9A65C5B3BB}.AppStore|Any CPU.ActiveCfg = Release|Any CPU
		{5FC5AAF1-8CA5-47B5-97E2-1A9A65C5B3BB}.AppStore|Any CPU.Build.0 = Release|Any CPU
		{5FC5AAF1-8CA5-47B5-97E2-1A9A65C5B3BB}.AppStore|Any CPU.Deploy.0 = Release|Any CPU
		{5FC5AAF1-8CA5-47B5-97E2-1A9A65C5B3BB}.AppStore|ARM.ActiveCfg = Release|Any CPU
		{5FC5AAF1-8CA5-47B5-97E2-1A9A65C5B3BB}.AppStore|ARM.Build.0 = Release|Any CPU
		{5FC5AAF1-8CA5-47B5-97E2-1A9A65C5B3BB}.AppStore|ARM.Deploy.0 = Release|Any CPU
		{5FC5AAF1-8CA5-47B5-97E2-1A9A65C5B3BB}.AppStore|iPhone.ActiveCfg = Release|Any CPU
		{5FC5AAF1-8CA5-47B5-97E2-1A9A65C5B3BB}.AppStore|iPhone.Build.0 = Release|Any CPU
		{5FC5AAF1-8CA5-47B5-97E2-1A9A65C5B3BB}.AppStore|iPhone.Deploy.0 = Release|Any CPU
		{5FC5AAF1-8CA5-47B5-97E2-1A9A65C5B3BB}.AppStore|iPhoneSimulator.ActiveCfg = Release|Any CPU
		{5FC5AAF1-8CA5-47B5-97E2-1A9A65C5B3BB}.AppStore|iPhoneSimulator.Build.0 = Release|Any CPU
		{5FC5AAF1-8CA5-47B5-97E2-1A9A65C5B3BB}.AppStore|iPhoneSimulator.Deploy.0 = Release|Any CPU
		{5FC5AAF1-8CA5-47B5-97E2-1A9A65C5B3BB}.AppStore|x64.ActiveCfg = Release|Any CPU
		{5FC5AAF1-8CA5-47B5-97E2-1A9A65C5B3BB}.AppStore|x64.Build.0 = Release|Any CPU
		{5FC5AAF1-8CA5-47B5-97E2-1A9A65C5B3BB}.AppStore|x64.Deploy.0 = Release|Any CPU
		{5FC5AAF1-8CA5-47B5-97E2-1A9A65C5B3BB}.AppStore|x86.ActiveCfg = Release|Any CPU
		{5FC5AAF1-8CA5-47B5-97E2-1A9A65C5B3BB}.AppStore|x86.Build.0 = Release|Any CPU
		{5FC5AAF1-8CA5-47B5-97E2-1A9A65C5B3BB}.AppStore|x86.Deploy.0 = Release|Any CPU
		{5FC5AAF1-8CA5-47B5-97E2-1A9A65C5B3BB}.Debug|Any CPU.ActiveCfg = Debug|Any CPU
		{5FC5AAF1-8CA5-47B5-97E2-1A9A65C5B3BB}.Debug|Any CPU.Build.0 = Debug|Any CPU
		{5FC5AAF1-8CA5-47B5-97E2-1A9A65C5B3BB}.Debug|Any CPU.Deploy.0 = Debug|Any CPU
		{5FC5AAF1-8CA5-47B5-97E2-1A9A65C5B3BB}.Debug|ARM.ActiveCfg = Debug|Any CPU
		{5FC5AAF1-8CA5-47B5-97E2-1A9A65C5B3BB}.Debug|ARM.Build.0 = Debug|Any CPU
		{5FC5AAF1-8CA5-47B5-97E2-1A9A65C5B3BB}.Debug|ARM.Deploy.0 = Debug|Any CPU
		{5FC5AAF1-8CA5-47B5-97E2-1A9A65C5B3BB}.Debug|iPhone.ActiveCfg = Debug|Any CPU
		{5FC5AAF1-8CA5-47B5-97E2-1A9A65C5B3BB}.Debug|iPhone.Build.0 = Debug|Any CPU
		{5FC5AAF1-8CA5-47B5-97E2-1A9A65C5B3BB}.Debug|iPhone.Deploy.0 = Debug|Any CPU
		{5FC5AAF1-8CA5-47B5-97E2-1A9A65C5B3BB}.Debug|iPhoneSimulator.ActiveCfg = Debug|Any CPU
		{5FC5AAF1-8CA5-47B5-97E2-1A9A65C5B3BB}.Debug|iPhoneSimulator.Build.0 = Debug|Any CPU
		{5FC5AAF1-8CA5-47B5-97E2-1A9A65C5B3BB}.Debug|iPhoneSimulator.Deploy.0 = Debug|Any CPU
		{5FC5AAF1-8CA5-47B5-97E2-1A9A65C5B3BB}.Debug|x64.ActiveCfg = Debug|Any CPU
		{5FC5AAF1-8CA5-47B5-97E2-1A9A65C5B3BB}.Debug|x64.Build.0 = Debug|Any CPU
		{5FC5AAF1-8CA5-47B5-97E2-1A9A65C5B3BB}.Debug|x64.Deploy.0 = Debug|Any CPU
		{5FC5AAF1-8CA5-47B5-97E2-1A9A65C5B3BB}.Debug|x86.ActiveCfg = Debug|Any CPU
		{5FC5AAF1-8CA5-47B5-97E2-1A9A65C5B3BB}.Debug|x86.Build.0 = Debug|Any CPU
		{5FC5AAF1-8CA5-47B5-97E2-1A9A65C5B3BB}.Debug|x86.Deploy.0 = Debug|Any CPU
		{5FC5AAF1-8CA5-47B5-97E2-1A9A65C5B3BB}.Release|Any CPU.ActiveCfg = Release|Any CPU
		{5FC5AAF1-8CA5-47B5-97E2-1A9A65C5B3BB}.Release|Any CPU.Build.0 = Release|Any CPU
		{5FC5AAF1-8CA5-47B5-97E2-1A9A65C5B3BB}.Release|Any CPU.Deploy.0 = Release|Any CPU
		{5FC5AAF1-8CA5-47B5-97E2-1A9A65C5B3BB}.Release|ARM.ActiveCfg = Release|Any CPU
		{5FC5AAF1-8CA5-47B5-97E2-1A9A65C5B3BB}.Release|ARM.Build.0 = Release|Any CPU
		{5FC5AAF1-8CA5-47B5-97E2-1A9A65C5B3BB}.Release|ARM.Deploy.0 = Release|Any CPU
		{5FC5AAF1-8CA5-47B5-97E2-1A9A65C5B3BB}.Release|iPhone.ActiveCfg = Release|Any CPU
		{5FC5AAF1-8CA5-47B5-97E2-1A9A65C5B3BB}.Release|iPhone.Build.0 = Release|Any CPU
		{5FC5AAF1-8CA5-47B5-97E2-1A9A65C5B3BB}.Release|iPhone.Deploy.0 = Release|Any CPU
		{5FC5AAF1-8CA5-47B5-97E2-1A9A65C5B3BB}.Release|iPhoneSimulator.ActiveCfg = Release|Any CPU
		{5FC5AAF1-8CA5-47B5-97E2-1A9A65C5B3BB}.Release|iPhoneSimulator.Build.0 = Release|Any CPU
		{5FC5AAF1-8CA5-47B5-97E2-1A9A65C5B3BB}.Release|iPhoneSimulator.Deploy.0 = Release|Any CPU
		{5FC5AAF1-8CA5-47B5-97E2-1A9A65C5B3BB}.Release|x64.ActiveCfg = Release|Any CPU
		{5FC5AAF1-8CA5-47B5-97E2-1A9A65C5B3BB}.Release|x64.Build.0 = Release|Any CPU
		{5FC5AAF1-8CA5-47B5-97E2-1A9A65C5B3BB}.Release|x64.Deploy.0 = Release|Any CPU
		{5FC5AAF1-8CA5-47B5-97E2-1A9A65C5B3BB}.Release|x86.ActiveCfg = Release|Any CPU
		{5FC5AAF1-8CA5-47B5-97E2-1A9A65C5B3BB}.Release|x86.Build.0 = Release|Any CPU
		{5FC5AAF1-8CA5-47B5-97E2-1A9A65C5B3BB}.Release|x86.Deploy.0 = Release|Any CPU
		{42F305F7-FCDD-4BC2-98C5-92C4BB9F9D5D}.Ad-Hoc|Any CPU.ActiveCfg = Ad-Hoc|iPhone
		{42F305F7-FCDD-4BC2-98C5-92C4BB9F9D5D}.Ad-Hoc|ARM.ActiveCfg = Ad-Hoc|iPhone
		{42F305F7-FCDD-4BC2-98C5-92C4BB9F9D5D}.Ad-Hoc|iPhone.ActiveCfg = Ad-Hoc|iPhone
		{42F305F7-FCDD-4BC2-98C5-92C4BB9F9D5D}.Ad-Hoc|iPhone.Build.0 = Ad-Hoc|iPhone
		{42F305F7-FCDD-4BC2-98C5-92C4BB9F9D5D}.Ad-Hoc|iPhoneSimulator.ActiveCfg = Ad-Hoc|iPhoneSimulator
		{42F305F7-FCDD-4BC2-98C5-92C4BB9F9D5D}.Ad-Hoc|iPhoneSimulator.Build.0 = Ad-Hoc|iPhoneSimulator
		{42F305F7-FCDD-4BC2-98C5-92C4BB9F9D5D}.Ad-Hoc|x64.ActiveCfg = Ad-Hoc|iPhone
		{42F305F7-FCDD-4BC2-98C5-92C4BB9F9D5D}.Ad-Hoc|x86.ActiveCfg = Ad-Hoc|iPhone
		{42F305F7-FCDD-4BC2-98C5-92C4BB9F9D5D}.AppStore|Any CPU.ActiveCfg = AppStore|iPhone
		{42F305F7-FCDD-4BC2-98C5-92C4BB9F9D5D}.AppStore|ARM.ActiveCfg = AppStore|iPhone
		{42F305F7-FCDD-4BC2-98C5-92C4BB9F9D5D}.AppStore|iPhone.ActiveCfg = AppStore|iPhone
		{42F305F7-FCDD-4BC2-98C5-92C4BB9F9D5D}.AppStore|iPhone.Build.0 = AppStore|iPhone
		{42F305F7-FCDD-4BC2-98C5-92C4BB9F9D5D}.AppStore|iPhoneSimulator.ActiveCfg = AppStore|iPhoneSimulator
		{42F305F7-FCDD-4BC2-98C5-92C4BB9F9D5D}.AppStore|iPhoneSimulator.Build.0 = AppStore|iPhoneSimulator
		{42F305F7-FCDD-4BC2-98C5-92C4BB9F9D5D}.AppStore|x64.ActiveCfg = AppStore|iPhone
		{42F305F7-FCDD-4BC2-98C5-92C4BB9F9D5D}.AppStore|x86.ActiveCfg = AppStore|iPhone
		{42F305F7-FCDD-4BC2-98C5-92C4BB9F9D5D}.Debug|Any CPU.ActiveCfg = Debug|iPhone
		{42F305F7-FCDD-4BC2-98C5-92C4BB9F9D5D}.Debug|ARM.ActiveCfg = Debug|iPhone
		{42F305F7-FCDD-4BC2-98C5-92C4BB9F9D5D}.Debug|iPhone.ActiveCfg = Debug|iPhone
		{42F305F7-FCDD-4BC2-98C5-92C4BB9F9D5D}.Debug|iPhone.Build.0 = Debug|iPhone
		{42F305F7-FCDD-4BC2-98C5-92C4BB9F9D5D}.Debug|iPhoneSimulator.ActiveCfg = Debug|iPhoneSimulator
		{42F305F7-FCDD-4BC2-98C5-92C4BB9F9D5D}.Debug|iPhoneSimulator.Build.0 = Debug|iPhoneSimulator
		{42F305F7-FCDD-4BC2-98C5-92C4BB9F9D5D}.Debug|x64.ActiveCfg = Debug|iPhone
		{42F305F7-FCDD-4BC2-98C5-92C4BB9F9D5D}.Debug|x86.ActiveCfg = Debug|iPhone
		{42F305F7-FCDD-4BC2-98C5-92C4BB9F9D5D}.Release|Any CPU.ActiveCfg = Release|iPhone
		{42F305F7-FCDD-4BC2-98C5-92C4BB9F9D5D}.Release|ARM.ActiveCfg = Release|iPhone
		{42F305F7-FCDD-4BC2-98C5-92C4BB9F9D5D}.Release|iPhone.ActiveCfg = Release|iPhone
		{42F305F7-FCDD-4BC2-98C5-92C4BB9F9D5D}.Release|iPhone.Build.0 = Release|iPhone
		{42F305F7-FCDD-4BC2-98C5-92C4BB9F9D5D}.Release|iPhoneSimulator.ActiveCfg = Release|iPhoneSimulator
		{42F305F7-FCDD-4BC2-98C5-92C4BB9F9D5D}.Release|iPhoneSimulator.Build.0 = Release|iPhoneSimulator
		{42F305F7-FCDD-4BC2-98C5-92C4BB9F9D5D}.Release|x64.ActiveCfg = Release|iPhone
		{42F305F7-FCDD-4BC2-98C5-92C4BB9F9D5D}.Release|x86.ActiveCfg = Release|iPhone
		{6CE68FAA-4C98-4595-B8CC-368CA9CCD81C}.Ad-Hoc|Any CPU.ActiveCfg = Release|x86
		{6CE68FAA-4C98-4595-B8CC-368CA9CCD81C}.Ad-Hoc|Any CPU.Build.0 = Release|x86
		{6CE68FAA-4C98-4595-B8CC-368CA9CCD81C}.Ad-Hoc|Any CPU.Deploy.0 = Release|x86
		{6CE68FAA-4C98-4595-B8CC-368CA9CCD81C}.Ad-Hoc|ARM.ActiveCfg = Release|ARM
		{6CE68FAA-4C98-4595-B8CC-368CA9CCD81C}.Ad-Hoc|ARM.Build.0 = Release|ARM
		{6CE68FAA-4C98-4595-B8CC-368CA9CCD81C}.Ad-Hoc|ARM.Deploy.0 = Release|ARM
		{6CE68FAA-4C98-4595-B8CC-368CA9CCD81C}.Ad-Hoc|iPhone.ActiveCfg = Release|x86
		{6CE68FAA-4C98-4595-B8CC-368CA9CCD81C}.Ad-Hoc|iPhone.Build.0 = Release|x86
		{6CE68FAA-4C98-4595-B8CC-368CA9CCD81C}.Ad-Hoc|iPhone.Deploy.0 = Release|x86
		{6CE68FAA-4C98-4595-B8CC-368CA9CCD81C}.Ad-Hoc|iPhoneSimulator.ActiveCfg = Release|x86
		{6CE68FAA-4C98-4595-B8CC-368CA9CCD81C}.Ad-Hoc|iPhoneSimulator.Build.0 = Release|x86
		{6CE68FAA-4C98-4595-B8CC-368CA9CCD81C}.Ad-Hoc|iPhoneSimulator.Deploy.0 = Release|x86
		{6CE68FAA-4C98-4595-B8CC-368CA9CCD81C}.Ad-Hoc|x64.ActiveCfg = Release|x64
		{6CE68FAA-4C98-4595-B8CC-368CA9CCD81C}.Ad-Hoc|x64.Build.0 = Release|x64
		{6CE68FAA-4C98-4595-B8CC-368CA9CCD81C}.Ad-Hoc|x64.Deploy.0 = Release|x64
		{6CE68FAA-4C98-4595-B8CC-368CA9CCD81C}.Ad-Hoc|x86.ActiveCfg = Release|x86
		{6CE68FAA-4C98-4595-B8CC-368CA9CCD81C}.Ad-Hoc|x86.Build.0 = Release|x86
		{6CE68FAA-4C98-4595-B8CC-368CA9CCD81C}.Ad-Hoc|x86.Deploy.0 = Release|x86
		{6CE68FAA-4C98-4595-B8CC-368CA9CCD81C}.AppStore|Any CPU.ActiveCfg = Release|x86
		{6CE68FAA-4C98-4595-B8CC-368CA9CCD81C}.AppStore|Any CPU.Build.0 = Release|x86
		{6CE68FAA-4C98-4595-B8CC-368CA9CCD81C}.AppStore|Any CPU.Deploy.0 = Release|x86
		{6CE68FAA-4C98-4595-B8CC-368CA9CCD81C}.AppStore|ARM.ActiveCfg = Release|ARM
		{6CE68FAA-4C98-4595-B8CC-368CA9CCD81C}.AppStore|ARM.Build.0 = Release|ARM
		{6CE68FAA-4C98-4595-B8CC-368CA9CCD81C}.AppStore|ARM.Deploy.0 = Release|ARM
		{6CE68FAA-4C98-4595-B8CC-368CA9CCD81C}.AppStore|iPhone.ActiveCfg = Release|x86
		{6CE68FAA-4C98-4595-B8CC-368CA9CCD81C}.AppStore|iPhone.Build.0 = Release|x86
		{6CE68FAA-4C98-4595-B8CC-368CA9CCD81C}.AppStore|iPhone.Deploy.0 = Release|x86
		{6CE68FAA-4C98-4595-B8CC-368CA9CCD81C}.AppStore|iPhoneSimulator.ActiveCfg = Release|x86
		{6CE68FAA-4C98-4595-B8CC-368CA9CCD81C}.AppStore|iPhoneSimulator.Build.0 = Release|x86
		{6CE68FAA-4C98-4595-B8CC-368CA9CCD81C}.AppStore|iPhoneSimulator.Deploy.0 = Release|x86
		{6CE68FAA-4C98-4595-B8CC-368CA9CCD81C}.AppStore|x64.ActiveCfg = Release|x64
		{6CE68FAA-4C98-4595-B8CC-368CA9CCD81C}.AppStore|x64.Build.0 = Release|x64
		{6CE68FAA-4C98-4595-B8CC-368CA9CCD81C}.AppStore|x64.Deploy.0 = Release|x64
		{6CE68FAA-4C98-4595-B8CC-368CA9CCD81C}.AppStore|x86.ActiveCfg = Release|x86
		{6CE68FAA-4C98-4595-B8CC-368CA9CCD81C}.AppStore|x86.Build.0 = Release|x86
		{6CE68FAA-4C98-4595-B8CC-368CA9CCD81C}.AppStore|x86.Deploy.0 = Release|x86
		{6CE68FAA-4C98-4595-B8CC-368CA9CCD81C}.Debug|Any CPU.ActiveCfg = Debug|x86
		{6CE68FAA-4C98-4595-B8CC-368CA9CCD81C}.Debug|ARM.ActiveCfg = Debug|ARM
		{6CE68FAA-4C98-4595-B8CC-368CA9CCD81C}.Debug|ARM.Build.0 = Debug|ARM
		{6CE68FAA-4C98-4595-B8CC-368CA9CCD81C}.Debug|ARM.Deploy.0 = Debug|ARM
		{6CE68FAA-4C98-4595-B8CC-368CA9CCD81C}.Debug|iPhone.ActiveCfg = Debug|x86
		{6CE68FAA-4C98-4595-B8CC-368CA9CCD81C}.Debug|iPhoneSimulator.ActiveCfg = Debug|x86
		{6CE68FAA-4C98-4595-B8CC-368CA9CCD81C}.Debug|x64.ActiveCfg = Debug|x64
		{6CE68FAA-4C98-4595-B8CC-368CA9CCD81C}.Debug|x64.Build.0 = Debug|x64
		{6CE68FAA-4C98-4595-B8CC-368CA9CCD81C}.Debug|x64.Deploy.0 = Debug|x64
		{6CE68FAA-4C98-4595-B8CC-368CA9CCD81C}.Debug|x86.ActiveCfg = Debug|x86
		{6CE68FAA-4C98-4595-B8CC-368CA9CCD81C}.Debug|x86.Build.0 = Debug|x86
		{6CE68FAA-4C98-4595-B8CC-368CA9CCD81C}.Debug|x86.Deploy.0 = Debug|x86
		{6CE68FAA-4C98-4595-B8CC-368CA9CCD81C}.Release|Any CPU.ActiveCfg = Release|x86
		{6CE68FAA-4C98-4595-B8CC-368CA9CCD81C}.Release|ARM.ActiveCfg = Release|ARM
		{6CE68FAA-4C98-4595-B8CC-368CA9CCD81C}.Release|ARM.Build.0 = Release|ARM
		{6CE68FAA-4C98-4595-B8CC-368CA9CCD81C}.Release|ARM.Deploy.0 = Release|ARM
		{6CE68FAA-4C98-4595-B8CC-368CA9CCD81C}.Release|iPhone.ActiveCfg = Release|x86
		{6CE68FAA-4C98-4595-B8CC-368CA9CCD81C}.Release|iPhoneSimulator.ActiveCfg = Release|x86
		{6CE68FAA-4C98-4595-B8CC-368CA9CCD81C}.Release|x64.ActiveCfg = Release|x64
		{6CE68FAA-4C98-4595-B8CC-368CA9CCD81C}.Release|x64.Build.0 = Release|x64
		{6CE68FAA-4C98-4595-B8CC-368CA9CCD81C}.Release|x64.Deploy.0 = Release|x64
		{6CE68FAA-4C98-4595-B8CC-368CA9CCD81C}.Release|x86.ActiveCfg = Release|x86
		{6CE68FAA-4C98-4595-B8CC-368CA9CCD81C}.Release|x86.Build.0 = Release|x86
		{6CE68FAA-4C98-4595-B8CC-368CA9CCD81C}.Release|x86.Deploy.0 = Release|x86
	EndGlobalSection
	GlobalSection(SolutionProperties) = preSolution
		HideSolutionNode = FALSE
	EndGlobalSection
EndGlobal
